
Microsoft Visual Studio Solution File, Format Version 12.00
# Visual Studio Version 16
VisualStudioVersion = 16.0.31105.61
MinimumVisualStudioVersion = 10.0.40219.1
Project("{FAE04EC0-301F-11D3-BF4B-00C04F79EFBC}") = "01-ByteBank", "01-ByteBank\01-ByteBank.csproj", "{90E83B93-7387-4CCE-AABA-A5038CA31844}"
EndProject
Global
	GlobalSection(SolutionConfigurationPlatforms) = preSolution
		Debug|Any CPU = Debug|Any CPU
		Release|Any CPU = Release|Any CPU
	EndGlobalSection
	GlobalSection(ProjectConfigurationPlatforms) = postSolution
		{90E83B93-7387-4CCE-AABA-A5038CA31844}.Debug|Any CPU.ActiveCfg = Debug|Any CPU
		{90E83B93-7387-4CCE-AABA-A5038CA31844}.Debug|Any CPU.Build.0 = Debug|Any CPU
		{90E83B93-7387-4CCE-AABA-A5038CA31844}.Release|Any CPU.ActiveCfg = Release|Any CPU
		{90E83B93-7387-4CCE-AABA-A5038CA31844}.Release|Any CPU.Build.0 = Release|Any CPU
	EndGlobalSection
	GlobalSection(SolutionProperties) = preSolution
		HideSolutionNode = FALSE
	EndGlobalSection
	GlobalSection(ExtensibilityGlobals) = postSolution
		SolutionGuid = {AAAA5388-F1FA-4B05-8A20-B25F1DA12921}
	EndGlobalSection
EndGlobal
