
Microsoft Visual Studio Solution File, Format Version 12.00
# Visual Studio Version 17
VisualStudioVersion = 17.6.33829.357
MinimumVisualStudioVersion = 10.0.40219.1
Project("{FAE04EC0-301F-11D3-BF4B-00C04F79EFBC}") = "PrimeiroProjeto", "PrimeiroProjeto.csproj", "{9C529B64-A315-4D37-A8FF-88DD0FBD5EDC}"
EndProject
Global
	GlobalSection(SolutionConfigurationPlatforms) = preSolution
		Debug|Any CPU = Debug|Any CPU
		Release|Any CPU = Release|Any CPU
	EndGlobalSection
	GlobalSection(ProjectConfigurationPlatforms) = postSolution
		{9C529B64-A315-4D37-A8FF-88DD0FBD5EDC}.Debug|Any CPU.ActiveCfg = Debug|Any CPU
		{9C529B64-A315-4D37-A8FF-88DD0FBD5EDC}.Debug|Any CPU.Build.0 = Debug|Any CPU
		{9C529B64-A315-4D37-A8FF-88DD0FBD5EDC}.Release|Any CPU.ActiveCfg = Release|Any CPU
		{9C529B64-A315-4D37-A8FF-88DD0FBD5EDC}.Release|Any CPU.Build.0 = Release|Any CPU
	EndGlobalSection
	GlobalSection(SolutionProperties) = preSolution
		HideSolutionNode = FALSE
	EndGlobalSection
	GlobalSection(ExtensibilityGlobals) = postSolution
		SolutionGuid = {2943B2C8-BC9A-458F-BDFB-9CA1E625443A}
	EndGlobalSection
EndGlobal
