
Microsoft Visual Studio Solution File, Format Version 12.00
# Visual Studio Version 17
VisualStudioVersion = 17.8.34525.116
MinimumVisualStudioVersion = 10.0.40219.1
Project("{FAE04EC0-301F-11D3-BF4B-00C04F79EFBC}") = "ScreenSound", "ScreenSound\ScreenSound.csproj", "{B55F2576-B9F3-429B-9F0A-4BC761E4EF9A}"
EndProject
Project("{FAE04EC0-301F-11D3-BF4B-00C04F79EFBC}") = "Desafio1", "Desafio1\Desafio1.csproj", "{DFC640A7-93D8-49AF-A6F3-CCFB024205B7}"
EndProject
Project("{FAE04EC0-301F-11D3-BF4B-00C04F79EFBC}") = "Desafio2", "Desafio2\Desafio2.csproj", "{74B73A78-8C7B-4B63-BC95-93D740CA80E2}"
EndProject
Global
	GlobalSection(SolutionConfigurationPlatforms) = preSolution
		Debug|Any CPU = Debug|Any CPU
		Release|Any CPU = Release|Any CPU
	EndGlobalSection
	GlobalSection(ProjectConfigurationPlatforms) = postSolution
		{B55F2576-B9F3-429B-9F0A-4BC761E4EF9A}.Debug|Any CPU.ActiveCfg = Debug|Any CPU
		{B55F2576-B9F3-429B-9F0A-4BC761E4EF9A}.Debug|Any CPU.Build.0 = Debug|Any CPU
		{B55F2576-B9F3-429B-9F0A-4BC761E4EF9A}.Release|Any CPU.ActiveCfg = Release|Any CPU
		{B55F2576-B9F3-429B-9F0A-4BC761E4EF9A}.Release|Any CPU.Build.0 = Release|Any CPU
		{DFC640A7-93D8-49AF-A6F3-CCFB024205B7}.Debug|Any CPU.ActiveCfg = Debug|Any CPU
		{DFC640A7-93D8-49AF-A6F3-CCFB024205B7}.Debug|Any CPU.Build.0 = Debug|Any CPU
		{DFC640A7-93D8-49AF-A6F3-CCFB024205B7}.Release|Any CPU.ActiveCfg = Release|Any CPU
		{DFC640A7-93D8-49AF-A6F3-CCFB024205B7}.Release|Any CPU.Build.0 = Release|Any CPU
		{74B73A78-8C7B-4B63-BC95-93D740CA80E2}.Debug|Any CPU.ActiveCfg = Debug|Any CPU
		{74B73A78-8C7B-4B63-BC95-93D740CA80E2}.Debug|Any CPU.Build.0 = Debug|Any CPU
		{74B73A78-8C7B-4B63-BC95-93D740CA80E2}.Release|Any CPU.ActiveCfg = Release|Any CPU
		{74B73A78-8C7B-4B63-BC95-93D740CA80E2}.Release|Any CPU.Build.0 = Release|Any CPU
	EndGlobalSection
	GlobalSection(SolutionProperties) = preSolution
		HideSolutionNode = FALSE
	EndGlobalSection
	GlobalSection(ExtensibilityGlobals) = postSolution
		SolutionGuid = {603C9629-98D8-42F9-BA88-934F6670A263}
	EndGlobalSection
EndGlobal
