
Microsoft Visual Studio Solution File, Format Version 12.00
# Visual Studio Version 16
VisualStudioVersion = 16.0.31105.61
MinimumVisualStudioVersion = 10.0.40219.1
Project("{9A19103F-16F7-4668-BE54-9A1E7A4F7556}") = "01-PrimeiroProjeto", "01-PrimeiroProjeto\01-PrimeiroProjeto.csproj", "{E63BD525-2BA7-43E6-A0E3-0936735EE481}"
EndProject
Project("{9A19103F-16F7-4668-BE54-9A1E7A4F7556}") = "02-CriandoVariaveis", "02-CriandoVariaveis\02-CriandoVariaveis.csproj", "{D9644272-E22C-4186-B9DA-5722BCDAD82C}"
EndProject
Project("{9A19103F-16F7-4668-BE54-9A1E7A4F7556}") = "03-CriandoVariaveisPontoFlutuante", "03-CriandoVariaveisPontoFlutuante\03-CriandoVariaveisPontoFlutuante.csproj", "{40C4AEEF-F7D9-4DE1-8A31-00F8799EA047}"
EndProject
Project("{9A19103F-16F7-4668-BE54-9A1E7A4F7556}") = "04-ConversoesEOutrosTiposNumericos", "04-ConversoesEOutrosTiposNumericos\04-ConversoesEOutrosTiposNumericos.csproj", "{E303ACF4-FBFD-4067-A86E-2A487A85CBE8}"
EndProject
Project("{9A19103F-16F7-4668-BE54-9A1E7A4F7556}") = "05-CaracteresETextos", "05-CaracteresETextos\05-CaracteresETextos.csproj", "{AF6B8322-2CF8-4ED0-ADC3-B78587C8B984}"
EndProject
Project("{9A19103F-16F7-4668-BE54-9A1E7A4F7556}") = "06-AtribuicoesDeVariaveis", "06-AtribuicoesDeVariaveis\06-AtribuicoesDeVariaveis.csproj", "{631BC359-7BDC-4406-9D2E-0A871270A6B4}"
EndProject
Project("{FAE04EC0-301F-11D3-BF4B-00C04F79EFBC}") = "07-Condicionais", "07-Condicionais\07-Condicionais.csproj", "{5C58B622-8714-4FB8-AE35-5E146B7BA05A}"
EndProject
Global
	GlobalSection(SolutionConfigurationPlatforms) = preSolution
		Debug|Any CPU = Debug|Any CPU
		Release|Any CPU = Release|Any CPU
	EndGlobalSection
	GlobalSection(ProjectConfigurationPlatforms) = postSolution
		{E63BD525-2BA7-43E6-A0E3-0936735EE481}.Debug|Any CPU.ActiveCfg = Debug|Any CPU
		{E63BD525-2BA7-43E6-A0E3-0936735EE481}.Debug|Any CPU.Build.0 = Debug|Any CPU
		{E63BD525-2BA7-43E6-A0E3-0936735EE481}.Release|Any CPU.ActiveCfg = Release|Any CPU
		{E63BD525-2BA7-43E6-A0E3-0936735EE481}.Release|Any CPU.Build.0 = Release|Any CPU
		{D9644272-E22C-4186-B9DA-5722BCDAD82C}.Debug|Any CPU.ActiveCfg = Debug|Any CPU
		{D9644272-E22C-4186-B9DA-5722BCDAD82C}.Debug|Any CPU.Build.0 = Debug|Any CPU
		{D9644272-E22C-4186-B9DA-5722BCDAD82C}.Release|Any CPU.ActiveCfg = Release|Any CPU
		{D9644272-E22C-4186-B9DA-5722BCDAD82C}.Release|Any CPU.Build.0 = Release|Any CPU
		{40C4AEEF-F7D9-4DE1-8A31-00F8799EA047}.Debug|Any CPU.ActiveCfg = Debug|Any CPU
		{40C4AEEF-F7D9-4DE1-8A31-00F8799EA047}.Debug|Any CPU.Build.0 = Debug|Any CPU
		{40C4AEEF-F7D9-4DE1-8A31-00F8799EA047}.Release|Any CPU.ActiveCfg = Release|Any CPU
		{40C4AEEF-F7D9-4DE1-8A31-00F8799EA047}.Release|Any CPU.Build.0 = Release|Any CPU
		{E303ACF4-FBFD-4067-A86E-2A487A85CBE8}.Debug|Any CPU.ActiveCfg = Debug|Any CPU
		{E303ACF4-FBFD-4067-A86E-2A487A85CBE8}.Debug|Any CPU.Build.0 = Debug|Any CPU
		{E303ACF4-FBFD-4067-A86E-2A487A85CBE8}.Release|Any CPU.ActiveCfg = Release|Any CPU
		{E303ACF4-FBFD-4067-A86E-2A487A85CBE8}.Release|Any CPU.Build.0 = Release|Any CPU
		{AF6B8322-2CF8-4ED0-ADC3-B78587C8B984}.Debug|Any CPU.ActiveCfg = Debug|Any CPU
		{AF6B8322-2CF8-4ED0-ADC3-B78587C8B984}.Debug|Any CPU.Build.0 = Debug|Any CPU
		{AF6B8322-2CF8-4ED0-ADC3-B78587C8B984}.Release|Any CPU.ActiveCfg = Release|Any CPU
		{AF6B8322-2CF8-4ED0-ADC3-B78587C8B984}.Release|Any CPU.Build.0 = Release|Any CPU
		{631BC359-7BDC-4406-9D2E-0A871270A6B4}.Debug|Any CPU.ActiveCfg = Debug|Any CPU
		{631BC359-7BDC-4406-9D2E-0A871270A6B4}.Debug|Any CPU.Build.0 = Debug|Any CPU
		{631BC359-7BDC-4406-9D2E-0A871270A6B4}.Release|Any CPU.ActiveCfg = Release|Any CPU
		{631BC359-7BDC-4406-9D2E-0A871270A6B4}.Release|Any CPU.Build.0 = Release|Any CPU
		{5C58B622-8714-4FB8-AE35-5E146B7BA05A}.Debug|Any CPU.ActiveCfg = Debug|Any CPU
		{5C58B622-8714-4FB8-AE35-5E146B7BA05A}.Debug|Any CPU.Build.0 = Debug|Any CPU
		{5C58B622-8714-4FB8-AE35-5E146B7BA05A}.Release|Any CPU.ActiveCfg = Release|Any CPU
		{5C58B622-8714-4FB8-AE35-5E146B7BA05A}.Release|Any CPU.Build.0 = Release|Any CPU
	EndGlobalSection
	GlobalSection(SolutionProperties) = preSolution
		HideSolutionNode = FALSE
	EndGlobalSection
	GlobalSection(ExtensibilityGlobals) = postSolution
		SolutionGuid = {BD18E417-8627-438A-AB0D-779111F5BC76}
	EndGlobalSection
EndGlobal
