
Microsoft Visual Studio Solution File, Format Version 12.00
# Visual Studio Version 17
VisualStudioVersion = 17.5.002.0
MinimumVisualStudioVersion = 10.0.40219.1
Project("{9A19103F-16F7-4668-BE54-9A1E7A4F7556}") = "ScreenSound", "ScreenSound.csproj", "{C9D83BD8-D1EB-4161-976E-A7BA7A077C8F}"
EndProject
Global
	GlobalSection(SolutionConfigurationPlatforms) = preSolution
		Debug|Any CPU = Debug|Any CPU
		Release|Any CPU = Release|Any CPU
	EndGlobalSection
	GlobalSection(ProjectConfigurationPlatforms) = postSolution
		{C9D83BD8-D1EB-4161-976E-A7BA7A077C8F}.Debug|Any CPU.ActiveCfg = Debug|Any CPU
		{C9D83BD8-D1EB-4161-976E-A7BA7A077C8F}.Debug|Any CPU.Build.0 = Debug|Any CPU
		{C9D83BD8-D1EB-4161-976E-A7BA7A077C8F}.Release|Any CPU.ActiveCfg = Release|Any CPU
		{C9D83BD8-D1EB-4161-976E-A7BA7A077C8F}.Release|Any CPU.Build.0 = Release|Any CPU
	EndGlobalSection
	GlobalSection(SolutionProperties) = preSolution
		HideSolutionNode = FALSE
	EndGlobalSection
	GlobalSection(ExtensibilityGlobals) = postSolution
		SolutionGuid = {544A13D2-F249-4B13-BD13-56CC5B97B135}
	EndGlobalSection
EndGlobal
